{
  "lockfileVersion": 1,
  "configVersion": 1,
  "workspaces": {
    "": {
      "dependencies": {
        "opencode-ai": "^1.17.13",
      },
    },
  },
  "packages": {
    "opencode-ai": ["opencode-ai@1.17.13", "", { "optionalDependencies": { "opencode-darwin-arm64": "1.17.13", "opencode-darwin-x64": "1.17.13", "opencode-darwin-x64-baseline": "1.17.13", "opencode-linux-arm64": "1.17.13", "opencode-linux-arm64-musl": "1.17.13", "opencode-linux-x64": "1.17.13", "opencode-linux-x64-baseline": "1.17.13", "opencode-linux-x64-baseline-musl": "1.17.13", "opencode-linux-x64-musl": "1.17.13", "opencode-windows-arm64": "1.17.13", "opencode-windows-x64": "1.17.13", "opencode-windows-x64-baseline": "1.17.13" }, "os": [ "linux", "win32", "darwin", ], "cpu": [ "x64", "arm64", ], "bin": { "opencode": "bin/opencode.exe" } }, "sha512-qUb9m6X6f9/imuDxc2tUcN+E1vx1XWjmQWJo2Pk/t+cNxqt5KGkaMF89CvJK6QQP7gx1E82gKpV7n1QiI5spxQ=="],

    "opencode-darwin-arm64": ["opencode-darwin-arm64@1.17.13", "", { "os": "darwin", "cpu": "arm64" }, "sha512-JSIDA4DUMzg2rOyUvnb4YnI4FDvPuI4Hjmlg+OoAcUCZJUGLFabPZLDfMNzEmzmRa3LWR00GFcgxVctXQ25xzg=="],

    "opencode-darwin-x64": ["opencode-darwin-x64@1.17.13", "", { "os": "darwin", "cpu": "x64" }, "sha512-/t0bYlCA570IwUIucZrT1Oo7iXjQ/G1s/lzQuAJJ4mr9CjeJ8TpZnFC1pRvACfviwO9NxXz9qIKbSQatLJK6ZA=="],

    "opencode-darwin-x64-baseline": ["opencode-darwin-x64-baseline@1.17.13", "", { "os": "darwin", "cpu": "x64" }, "sha512-pBBMZZCkTnvLCOcJtFSfAtsztwJA6PDDmsuYFD5df/3JO03MnpHRHAP4zr2Z8VjNofFpGtHifgl4+WmAvAxWAw=="],

    "opencode-linux-arm64": ["opencode-linux-arm64@1.17.13", "", { "os": "linux", "cpu": "arm64" }, "sha512-NgBu9go6DTgi2OJ04Q54kgbQFWOmv70cdBUsGr74SdXWEpi/VNIWc/5e5eYJ123ogW25uB03H5jFQx5XKsKzUQ=="],

    "opencode-linux-arm64-musl": ["opencode-linux-arm64-musl@1.17.13", "", { "os": "linux", "cpu": "arm64" }, "sha512-OqBGh0gc2my1r/dtzylYNpRUWsc27G6FqtatzqJMxx5OVhm/Bdgm41E1jgYWuR8x2bGuiU4sLltfbVT6Eq6E+g=="],

    "opencode-linux-x64": ["opencode-linux-x64@1.17.13", "", { "os": "linux", "cpu": "x64" }, "sha512-6naffcRwMLUM0kYuwJ3tRWt1/NXPybt9u8ZqTvSZwATM54+GhQmoiz8Qb9GYFTiwSJmB1rq8VoEmwh1VPzBcFw=="],

    "opencode-linux-x64-baseline": ["opencode-linux-x64-baseline@1.17.13", "", { "os": "linux", "cpu": "x64" }, "sha512-a0wVqjvv9AsOhZ5PUVWr4vwYLO34Ex8dKqf8O2tiO2ucJ+afFySE/bQO98ZjFR1KpzAgaIvzVTTuw8rvFTjAcg=="],

    "opencode-linux-x64-baseline-musl": ["opencode-linux-x64-baseline-musl@1.17.13", "", { "os": "linux", "cpu": "x64" }, "sha512-eJKm0adea5eJxO16kBs9gtzaoLuOJ94/VZSEtsUrrLvd5GWoLaffMOjifIl55gjrjQk+T+aF1FeTex/a9Rw0IA=="],

    "opencode-linux-x64-musl": ["opencode-linux-x64-musl@1.17.13", "", { "os": "linux", "cpu": "x64" }, "sha512-dEfj9Q/RGnpN09e1TzpZHeEUEdvH1zqU+FlEOFHBs4cjRaH5K8eeqzqBU3/ux6i3g7Yc9UVPvb3l2kO9rH8Y9g=="],

    "opencode-windows-arm64": ["opencode-windows-arm64@1.17.13", "", { "os": "win32", "cpu": "arm64" }, "sha512-up2dXI0VcnDPpm2AQnaXZ0e0BajtAQpFj4RBvAxTnXK4ZgEh0OgLialTLIqQ5zBzmMPwvRQNUmRVqAFOq/UOHw=="],

    "opencode-windows-x64": ["opencode-windows-x64@1.17.13", "", { "os": "win32", "cpu": "x64" }, "sha512-WhRcfrVCwMsEpftrnmSIwNayCDBypDPaUjHAtl+uubRP0jILDq8Ra94Jfo3BAU/4JJDqZzKGbUXYrd62/6r6Jg=="],

    "opencode-windows-x64-baseline": ["opencode-windows-x64-baseline@1.17.13", "", { "os": "win32", "cpu": "x64" }, "sha512-oOhYb4pRDBJFTCDB1yNiyLacX0jTFQ+Bm8w1Kul1LZZCkzV/5TRGlhEyp7UqLrF3tiGhB0XA1qgvDTnnjZPKEA=="],
  }
}
